
Microsoft Visual Studio Solution File, Format Version 12.00
# Visual Studio Version 16
VisualStudioVersion = 16.0.29318.209
MinimumVisualStudioVersion = 10.0.40219.1
Project("{FAE04EC0-301F-11D3-BF4B-00C04F79EFBC}") = "UP04", "UP04.csproj", "{77DAF303-AC2F-405C-B351-00593AAEDC0A}"
EndProject
Global
	GlobalSection(SolutionConfigurationPlatforms) = preSolution
		Debug|Any CPU = Debug|Any CPU
		Release|Any CPU = Release|Any CPU
	EndGlobalSection
	GlobalSection(ProjectConfigurationPlatforms) = postSolution
		{77DAF303-AC2F-405C-B351-00593AAEDC0A}.Debug|Any CPU.ActiveCfg = Debug|Any CPU
		{77DAF303-AC2F-405C-B351-00593AAEDC0A}.Debug|Any CPU.Build.0 = Debug|Any CPU
		{77DAF303-AC2F-405C-B351-00593AAEDC0A}.Release|Any CPU.ActiveCfg = Release|Any CPU
		{77DAF303-AC2F-405C-B351-00593AAEDC0A}.Release|Any CPU.Build.0 = Release|Any CPU
	EndGlobalSection
	GlobalSection(SolutionProperties) = preSolution
		HideSolutionNode = FALSE
	EndGlobalSection
	GlobalSection(ExtensibilityGlobals) = postSolution
		SolutionGuid = {FCDD5AA2-42FD-4A30-A26C-EEAA5213D8B0}
	EndGlobalSection
EndGlobal
